
Microsoft Visual Studio Solution File, Format Version 12.00
# Visual Studio 2013
VisualStudioVersion = 12.0.30723.0
MinimumVisualStudioVersion = 10.0.40219.1
Project("{FAE04EC0-301F-11D3-BF4B-00C04F79EFBC}") = "ConfyConf.Domain", "src\ConfyConf.Domain\ConfyConf.Domain.csproj", "{6ECDFF42-4448-4EC9-9AAB-D07B3D7A3320}"
EndProject
Project("{FAE04EC0-301F-11D3-BF4B-00C04F79EFBC}") = "ConfyConf.CommandHandlers", "src\ConfyConf.CommandHandlers\ConfyConf.CommandHandlers.csproj", "{68F548F1-916A-464A-8489-63F55ADD1D6C}"
EndProject
Project("{FAE04EC0-301F-11D3-BF4B-00C04F79EFBC}") = "ConfyConf.Commands", "src\ConfyConf.Commands\ConfyConf.Commands.csproj", "{34B1C1A9-7571-4C61-8414-4434C6A98A64}"
EndProject
Project("{FAE04EC0-301F-11D3-BF4B-00C04F79EFBC}") = "ConfyConf.Bus", "src\ConfyConf.Bus\ConfyConf.Bus.csproj", "{184B260E-0B73-464F-B577-CC64087896BA}"
EndProject
Project("{FAE04EC0-301F-11D3-BF4B-00C04F79EFBC}") = "ConfyConf.UserInterface.Console", "src\ConfyConf.UserInterface.Console\ConfyConf.UserInterface.Console.csproj", "{93E2FD76-67A2-4991-AD91-5975BF7F8798}"
EndProject
Project("{FAE04EC0-301F-11D3-BF4B-00C04F79EFBC}") = "ConfyConf.Domain.InMemory", "src\ConfyConf.Domain.InMemory\ConfyConf.Domain.InMemory.csproj", "{5549BBC2-E11D-4D8F-ABF7-F7F544B03964}"
EndProject
Project("{2150E333-8FDC-42A3-9474-1A3956D46DE8}") = "Impls", "Impls", "{251B4D6E-132B-4D53-83C9-BC794BD8D927}"
EndProject
Project("{FAE04EC0-301F-11D3-BF4B-00C04F79EFBC}") = "ConfyConf.EventHandlers", "src\ConfyConf.EventHandlers\ConfyConf.EventHandlers.csproj", "{172D6033-6B20-4640-9490-C0D97358AE9B}"
EndProject
Project("{FAE04EC0-301F-11D3-BF4B-00C04F79EFBC}") = "ConfyConf.Domain.MongoDB", "src\ConfyConf.Domain.MongoDB\ConfyConf.Domain.MongoDB.csproj", "{A2A487D5-2B19-4EE5-AE67-DF1C3AFA32AD}"
EndProject
Global
	GlobalSection(SolutionConfigurationPlatforms) = preSolution
		Debug|Any CPU = Debug|Any CPU
		Release|Any CPU = Release|Any CPU
	EndGlobalSection
	GlobalSection(ProjectConfigurationPlatforms) = postSolution
		{6ECDFF42-4448-4EC9-9AAB-D07B3D7A3320}.Debug|Any CPU.ActiveCfg = Debug|Any CPU
		{6ECDFF42-4448-4EC9-9AAB-D07B3D7A3320}.Debug|Any CPU.Build.0 = Debug|Any CPU
		{6ECDFF42-4448-4EC9-9AAB-D07B3D7A3320}.Release|Any CPU.ActiveCfg = Release|Any CPU
		{6ECDFF42-4448-4EC9-9AAB-D07B3D7A3320}.Release|Any CPU.Build.0 = Release|Any CPU
		{68F548F1-916A-464A-8489-63F55ADD1D6C}.Debug|Any CPU.ActiveCfg = Debug|Any CPU
		{68F548F1-916A-464A-8489-63F55ADD1D6C}.Debug|Any CPU.Build.0 = Debug|Any CPU
		{68F548F1-916A-464A-8489-63F55ADD1D6C}.Release|Any CPU.ActiveCfg = Release|Any CPU
		{68F548F1-916A-464A-8489-63F55ADD1D6C}.Release|Any CPU.Build.0 = Release|Any CPU
		{34B1C1A9-7571-4C61-8414-4434C6A98A64}.Debug|Any CPU.ActiveCfg = Debug|Any CPU
		{34B1C1A9-7571-4C61-8414-4434C6A98A64}.Debug|Any CPU.Build.0 = Debug|Any CPU
		{34B1C1A9-7571-4C61-8414-4434C6A98A64}.Release|Any CPU.ActiveCfg = Release|Any CPU
		{34B1C1A9-7571-4C61-8414-4434C6A98A64}.Release|Any CPU.Build.0 = Release|Any CPU
		{184B260E-0B73-464F-B577-CC64087896BA}.Debug|Any CPU.ActiveCfg = Debug|Any CPU
		{184B260E-0B73-464F-B577-CC64087896BA}.Debug|Any CPU.Build.0 = Debug|Any CPU
		{184B260E-0B73-464F-B577-CC64087896BA}.Release|Any CPU.ActiveCfg = Release|Any CPU
		{184B260E-0B73-464F-B577-CC64087896BA}.Release|Any CPU.Build.0 = Release|Any CPU
		{93E2FD76-67A2-4991-AD91-5975BF7F8798}.Debug|Any CPU.ActiveCfg = Debug|Any CPU
		{93E2FD76-67A2-4991-AD91-5975BF7F8798}.Debug|Any CPU.Build.0 = Debug|Any CPU
		{93E2FD76-67A2-4991-AD91-5975BF7F8798}.Release|Any CPU.ActiveCfg = Release|Any CPU
		{93E2FD76-67A2-4991-AD91-5975BF7F8798}.Release|Any CPU.Build.0 = Release|Any CPU
		{5549BBC2-E11D-4D8F-ABF7-F7F544B03964}.Debug|Any CPU.ActiveCfg = Debug|Any CPU
		{5549BBC2-E11D-4D8F-ABF7-F7F544B03964}.Debug|Any CPU.Build.0 = Debug|Any CPU
		{5549BBC2-E11D-4D8F-ABF7-F7F544B03964}.Release|Any CPU.ActiveCfg = Release|Any CPU
		{5549BBC2-E11D-4D8F-ABF7-F7F544B03964}.Release|Any CPU.Build.0 = Release|Any CPU
		{172D6033-6B20-4640-9490-C0D97358AE9B}.Debug|Any CPU.ActiveCfg = Debug|Any CPU
		{172D6033-6B20-4640-9490-C0D97358AE9B}.Debug|Any CPU.Build.0 = Debug|Any CPU
		{172D6033-6B20-4640-9490-C0D97358AE9B}.Release|Any CPU.ActiveCfg = Release|Any CPU
		{172D6033-6B20-4640-9490-C0D97358AE9B}.Release|Any CPU.Build.0 = Release|Any CPU
		{A2A487D5-2B19-4EE5-AE67-DF1C3AFA32AD}.Debug|Any CPU.ActiveCfg = Debug|Any CPU
		{A2A487D5-2B19-4EE5-AE67-DF1C3AFA32AD}.Debug|Any CPU.Build.0 = Debug|Any CPU
		{A2A487D5-2B19-4EE5-AE67-DF1C3AFA32AD}.Release|Any CPU.ActiveCfg = Release|Any CPU
		{A2A487D5-2B19-4EE5-AE67-DF1C3AFA32AD}.Release|Any CPU.Build.0 = Release|Any CPU
	EndGlobalSection
	GlobalSection(SolutionProperties) = preSolution
		HideSolutionNode = FALSE
	EndGlobalSection
	GlobalSection(NestedProjects) = preSolution
		{93E2FD76-67A2-4991-AD91-5975BF7F8798} = {251B4D6E-132B-4D53-83C9-BC794BD8D927}
		{5549BBC2-E11D-4D8F-ABF7-F7F544B03964} = {251B4D6E-132B-4D53-83C9-BC794BD8D927}
		{A2A487D5-2B19-4EE5-AE67-DF1C3AFA32AD} = {251B4D6E-132B-4D53-83C9-BC794BD8D927}
	EndGlobalSection
EndGlobal
